// !$*UTF8*$!
{
	archiveVersion = 1;
	classes = {
	};
	objectVersion = 46;
	objects = {

/* Begin PBXBuildFile section */
		3EACC0251E895BDD00DAC562 /* AppDelegate.swift in Sources */ = {isa = PBXBuildFile; fileRef = 3EACC0241E895BDD00DAC562 /* AppDelegate.swift */; };
		3EACC0271E895BDD00DAC562 /* ViewController.swift in Sources */ = {isa = PBXBuildFile; fileRef = 3EACC0261E895BDD00DAC562 /* ViewController.swift */; };
		3EACC02A1E895BDD00DAC562 /* Main.storyboard in Resources */ = {isa = PBXBuildFile; fileRef = 3EACC0281E895BDD00DAC562 /* Main.storyboard */; };
		3EACC02C1E895BDD00DAC562 /* Assets.xcassets in Resources */ = {isa = PBXBuildFile; fileRef = 3EACC02B1E895BDD00DAC562 /* Assets.xcassets */; };
		3EACC02F1E895BDD00DAC562 /* LaunchScreen.storyboard in Resources */ = {isa = PBXBuildFile; fileRef = 3EACC02D1E895BDD00DAC562 /* LaunchScreen.storyboard */; };
		3EACC03A1E895BDE00DAC562 /* gameofchatsTests.swift in Sources */ = {isa = PBXBuildFile; fileRef = 3EACC0391E895BDE00DAC562 /* gameofchatsTests.swift */; };
		3EACC0451E895BDE00DAC562 /* gameofchatsUITests.swift in Sources */ = {isa = PBXBuildFile; fileRef = 3EACC0441E895BDE00DAC562 /* gameofchatsUITests.swift */; };
		3EACC0541E895E2A00DAC562 /* LoginController.swift in Sources */ = {isa = PBXBuildFile; fileRef = 3EACC0531E895E2A00DAC562 /* LoginController.swift */; };
/* End PBXBuildFile section */

/* Begin PBXContainerItemProxy section */
		3EACC0361E895BDE00DAC562 /* PBXContainerItemProxy */ = {
			isa = PBXContainerItemProxy;
			containerPortal = 3EACC0191E895BDD00DAC562 /* Project object */;
			proxyType = 1;
			remoteGlobalIDString = 3EACC0201E895BDD00DAC562;
			remoteInfo = gameofchats;
		};
		3EACC0411E895BDE00DAC562 /* PBXContainerItemProxy */ = {
			isa = PBXContainerItemProxy;
			containerPortal = 3EACC0191E895BDD00DAC562 /* Project object */;
			proxyType = 1;
			remoteGlobalIDString = 3EACC0201E895BDD00DAC562;
			remoteInfo = gameofchats;
		};
/* End PBXContainerItemProxy section */

/* Begin PBXFileReference section */
		3EACC0211E895BDD00DAC562 /* gameofchats.app */ = {isa = PBXFileReference; explicitFileType = wrapper.application; includeInIndex = 0; path = gameofchats.app; sourceTree = BUILT_PRODUCTS_DIR; };
		3EACC0241E895BDD00DAC562 /* AppDelegate.swift */ = {isa = PBXFileReference; lastKnownFileType = sourcecode.swift; path = AppDelegate.swift; sourceTree = "<group>"; };
		3EACC0261E895BDD00DAC562 /* ViewController.swift */ = {isa = PBXFileReference; lastKnownFileType = sourcecode.swift; path = ViewController.swift; sourceTree = "<group>"; };
		3EACC0291E895BDD00DAC562 /* Base */ = {isa = PBXFileReference; lastKnownFileType = file.storyboard; name = Base; path = Base.lproj/Main.storyboard; sourceTree = "<group>"; };
		3EACC02B1E895BDD00DAC562 /* Assets.xcassets */ = {isa = PBXFileReference; lastKnownFileType = folder.assetcatalog; path = Assets.xcassets; sourceTree = "<group>"; };
		3EACC02E1E895BDD00DAC562 /* Base */ = {isa = PBXFileReference; lastKnownFileType = file.storyboard; name = Base; path = Base.lproj/LaunchScreen.storyboard; sourceTree = "<group>"; };
		3EACC0301E895BDD00DAC562 /* Info.plist */ = {isa = PBXFileReference; lastKnownFileType = text.plist.xml; path = Info.plist; sourceTree = "<group>"; };
		3EACC0351E895BDE00DAC562 /* gameofchatsTests.xctest */ = {isa = PBXFileReference; explicitFileType = wrapper.cfbundle; includeInIndex = 0; path = gameofchatsTests.xctest; sourceTree = BUILT_PRODUCTS_DIR; };
		3EACC0391E895BDE00DAC562 /* gameofchatsTests.swift */ = {isa = PBXFileReference; lastKnownFileType = sourcecode.swift; path = gameofchatsTests.swift; sourceTree = "<group>"; };
		3EACC03B1E895BDE00DAC562 /* Info.plist */ = {isa = PBXFileReference; lastKnownFileType = text.plist.xml; path = Info.plist; sourceTree = "<group>"; };
		3EACC0401E895BDE00DAC562 /* gameofchatsUITests.xctest */ = {isa = PBXFileReference; explicitFileType = wrapper.cfbundle; includeInIndex = 0; path = gameofchatsUITests.xctest; sourceTree = BUILT_PRODUCTS_DIR; };
		3EACC0441E895BDE00DAC562 /* gameofchatsUITests.swift */ = {isa = PBXFileReference; lastKnownFileType = sourcecode.swift; path = gameofchatsUITests.swift; sourceTree = "<group>"; };
		3EACC0461E895BDE00DAC562 /* Info.plist */ = {isa = PBXFileReference; lastKnownFileType = text.plist.xml; path = Info.plist; sourceTree = "<group>"; };
		3EACC0531E895E2A00DAC562 /* LoginController.swift */ = {isa = PBXFileReference; fileEncoding = 4; lastKnownFileType = sourcecode.swift; path = LoginController.swift; sourceTree = "<group>"; };
/* End PBXFileReference section */

/* Begin PBXFrameworksBuildPhase section */
		3EACC01E1E895BDD00DAC562 /* Frameworks */ = {
			isa = PBXFrameworksBuildPhase;
			buildActionMask = 2147483647;
			files = (
			);
			runOnlyForDeploymentPostprocessing = 0;
		};
		3EACC0321E895BDE00DAC562 /* Frameworks */ = {
			isa = PBXFrameworksBuildPhase;
			buildActionMask = 2147483647;
			files = (
			);
			runOnlyForDeploymentPostprocessing = 0;
		};
		3EACC03D1E895BDE00DAC562 /* Frameworks */ = {
			isa = PBXFrameworksBuildPhase;
			buildActionMask = 2147483647;
			files = (
			);
			runOnlyForDeploymentPostprocessing = 0;
		};
/* End PBXFrameworksBuildPhase section */

/* Begin PBXGroup section */
		3EACC0181E895BDD00DAC562 = {
			isa = PBXGroup;
			children = (
				3EACC0231E895BDD00DAC562 /* gameofchats */,
				3EACC0381E895BDE00DAC562 /* gameofchatsTests */,
				3EACC0431E895BDE00DAC562 /* gameofchatsUITests */,
				3EACC0221E895BDD00DAC562 /* Products */,
			);
			sourceTree = "<group>";
		};
		3EACC0221E895BDD00DAC562 /* Products */ = {
			isa = PBXGroup;
			children = (
				3EACC0211E895BDD00DAC562 /* gameofchats.app */,
				3EACC0351E895BDE00DAC562 /* gameofchatsTests.xctest */,
				3EACC0401E895BDE00DAC562 /* gameofchatsUITests.xctest */,
			);
			name = Products;
			sourceTree = "<group>";
		};
		3EACC0231E895BDD00DAC562 /* gameofchats */ = {
			isa = PBXGroup;
			children = (
				3EACC0521E895C0D00DAC562 /* Controller */,
				3EACC0241E895BDD00DAC562 /* AppDelegate.swift */,
				3EACC0281E895BDD00DAC562 /* Main.storyboard */,
				3EACC02B1E895BDD00DAC562 /* Assets.xcassets */,
				3EACC02D1E895BDD00DAC562 /* LaunchScreen.storyboard */,
				3EACC0301E895BDD00DAC562 /* Info.plist */,
			);
			path = gameofchats;
			sourceTree = "<group>";
		};
		3EACC0381E895BDE00DAC562 /* gameofchatsTests */ = {
			isa = PBXGroup;
			children = (
				3EACC0391E895BDE00DAC562 /* gameofchatsTests.swift */,
				3EACC03B1E895BDE00DAC562 /* Info.plist */,
			);
			path = gameofchatsTests;
			sourceTree = "<group>";
		};
		3EACC0431E895BDE00DAC562 /* gameofchatsUITests */ = {
			isa = PBXGroup;
			children = (
				3EACC0441E895BDE00DAC562 /* gameofchatsUITests.swift */,
				3EACC0461E895BDE00DAC562 /* Info.plist */,
			);
			path = gameofchatsUITests;
			sourceTree = "<group>";
		};
		3EACC0521E895C0D00DAC562 /* Controller */ = {
			isa = PBXGroup;
			children = (
				3EACC0261E895BDD00DAC562 /* ViewController.swift */,
				3EACC0531E895E2A00DAC562 /* LoginController.swift */,
			);
			name = Controller;
			sourceTree = "<group>";
		};
/* End PBXGroup section */

/* Begin PBXNativeTarget section */
		3EACC0201E895BDD00DAC562 /* gameofchats */ = {
			isa = PBXNativeTarget;
			buildConfigurationList = 3EACC0491E895BDE00DAC562 /* Build configuration list for PBXNativeTarget "gameofchats" */;
			buildPhases = (
				3EACC01D1E895BDD00DAC562 /* Sources */,
				3EACC01E1E895BDD00DAC562 /* Frameworks */,
				3EACC01F1E895BDD00DAC562 /* Resources */,
			);
			buildRules = (
			);
			dependencies = (
			);
			name = gameofchats;
			productName = gameofchats;
			productReference = 3EACC0211E895BDD00DAC562 /* gameofchats.app */;
			productType = "com.apple.product-type.application";
		};
		3EACC0341E895BDE00DAC562 /* gameofchatsTests */ = {
			isa = PBXNativeTarget;
			buildConfigurationList = 3EACC04C1E895BDE00DAC562 /* Build configuration list for PBXNativeTarget "gameofchatsTests" */;
			buildPhases = (
				3EACC0311E895BDE00DAC562 /* Sources */,
				3EACC0321E895BDE00DAC562 /* Frameworks */,
				3EACC0331E895BDE00DAC562 /* Resources */,
			);
			buildRules = (
			);
			dependencies = (
				3EACC0371E895BDE00DAC562 /* PBXTargetDependency */,
			);
			name = gameofchatsTests;
			productName = gameofchatsTests;
			productReference = 3EACC0351E895BDE00DAC562 /* gameofchatsTests.xctest */;
			productType = "com.apple.product-type.bundle.unit-test";
		};
		3EACC03F1E895BDE00DAC562 /* gameofchatsUITests */ = {
			isa = PBXNativeTarget;
			buildConfigurationList = 3EACC04F1E895BDE00DAC562 /* Build configuration list for PBXNativeTarget "gameofchatsUITests" */;
			buildPhases = (
				3EACC03C1E895BDE00DAC562 /* Sources */,
				3EACC03D1E895BDE00DAC562 /* Frameworks */,
				3EACC03E1E895BDE00DAC562 /* Resources */,
			);
			buildRules = (
			);
			dependencies = (
				3EACC0421E895BDE00DAC562 /* PBXTargetDependency */,
			);
			name = gameofchatsUITests;
			productName = gameofchatsUITests;
			productReference = 3EACC0401E895BDE00DAC562 /* gameofchatsUITests.xctest */;
			productType = "com.apple.product-type.bundle.ui-testing";
		};
/* End PBXNativeTarget section */

/* Begin PBXProject section */
		3EACC0191E895BDD00DAC562 /* Project object */ = {
			isa = PBXProject;
			attributes = {
				LastSwiftUpdateCheck = 0820;
				LastUpgradeCheck = 0820;
				ORGANIZATIONNAME = "Lin Cheng";
				TargetAttributes = {
					3EACC0201E895BDD00DAC562 = {
						CreatedOnToolsVersion = 8.2.1;
						DevelopmentTeam = KU4WZ5AUR8;
						ProvisioningStyle = Automatic;
					};
					3EACC0341E895BDE00DAC562 = {
						CreatedOnToolsVersion = 8.2.1;
						ProvisioningStyle = Automatic;
						TestTargetID = 3EACC0201E895BDD00DAC562;
					};
					3EACC03F1E895BDE00DAC562 = {
						CreatedOnToolsVersion = 8.2.1;
						ProvisioningStyle = Automatic;
						TestTargetID = 3EACC0201E895BDD00DAC562;
					};
				};
			};
			buildConfigurationList = 3EACC01C1E895BDD00DAC562 /* Build configuration list for PBXProject "gameofchats" */;
			compatibilityVersion = "Xcode 3.2";
			developmentRegion = English;
			hasScannedForEncodings = 0;
			knownRegions = (
				en,
				Base,
			);
			mainGroup = 3EACC0181E895BDD00DAC562;
			productRefGroup = 3EACC0221E895BDD00DAC562 /* Products */;
			projectDirPath = "";
			projectRoot = "";
			targets = (
				3EACC0201E895BDD00DAC562 /* gameofchats */,
				3EACC0341E895BDE00DAC562 /* gameofchatsTests */,
				3EACC03F1E895BDE00DAC562 /* gameofchatsUITests */,
			);
		};
/* End PBXProject section */

/* Begin PBXResourcesBuildPhase section */
		3EACC01F1E895BDD00DAC562 /* Resources */ = {
			isa = PBXResourcesBuildPhase;
			buildActionMask = 2147483647;
			files = (
				3EACC02F1E895BDD00DAC562 /* LaunchScreen.storyboard in Resources */,
				3EACC02C1E895BDD00DAC562 /* Assets.xcassets in Resources */,
				3EACC02A1E895BDD00DAC562 /* Main.storyboard in Resources */,
			);
			runOnlyForDeploymentPostprocessing = 0;
		};
		3EACC0331E895BDE00DAC562 /* Resources */ = {
			isa = PBXResourcesBuildPhase;
			buildActionMask = 2147483647;
			files = (
			);
			runOnlyForDeploymentPostprocessing = 0;
		};
		3EACC03E1E895BDE00DAC562 /* Resources */ = {
			isa = PBXResourcesBuildPhase;
			buildActionMask = 2147483647;
			files = (
			);
			runOnlyForDeploymentPostprocessing = 0;
		};
/* End PBXResourcesBuildPhase section */

/* Begin PBXSourcesBuildPhase section */
		3EACC01D1E895BDD00DAC562 /* Sources */ = {
			isa = PBXSourcesBuildPhase;
			buildActionMask = 2147483647;
			files = (
				3EACC0271E895BDD00DAC562 /* ViewController.swift in Sources */,
				3EACC0541E895E2A00DAC562 /* LoginController.swift in Sources */,
				3EACC0251E895BDD00DAC562 /* AppDelegate.swift in Sources */,
			);
			runOnlyForDeploymentPostprocessing = 0;
		};
		3EACC0311E895BDE00DAC562 /* Sources */ = {
			isa = PBXSourcesBuildPhase;
			buildActionMask = 2147483647;
			files = (
				3EACC03A1E895BDE00DAC562 /* gameofchatsTests.swift in Sources */,
			);
			runOnlyForDeploymentPostprocessing = 0;
		};
		3EACC03C1E895BDE00DAC562 /* Sources */ = {
			isa = PBXSourcesBuildPhase;
			buildActionMask = 2147483647;
			files = (
				3EACC0451E895BDE00DAC562 /* gameofchatsUITests.swift in Sources */,
			);
			runOnlyForDeploymentPostprocessing = 0;
		};
/* End PBXSourcesBuildPhase section */

/* Begin PBXTargetDependency section */
		3EACC0371E895BDE00DAC562 /* PBXTargetDependency */ = {
			isa = PBXTargetDependency;
			target = 3EACC0201E895BDD00DAC562 /* gameofchats */;
			targetProxy = 3EACC0361E895BDE00DAC562 /* PBXContainerItemProxy */;
		};
		3EACC0421E895BDE00DAC562 /* PBXTargetDependency */ = {
			isa = PBXTargetDependency;
			target = 3EACC0201E895BDD00DAC562 /* gameofchats */;
			targetProxy = 3EACC0411E895BDE00DAC562 /* PBXContainerItemProxy */;
		};
/* End PBXTargetDependency section */

/* Begin PBXVariantGroup section */
		3EACC0281E895BDD00DAC562 /* Main.storyboard */ = {
			isa = PBXVariantGroup;
			children = (
				3EACC0291E895BDD00DAC562 /* Base */,
			);
			name = Main.storyboard;
			sourceTree = "<group>";
		};
		3EACC02D1E895BDD00DAC562 /* LaunchScreen.storyboard */ = {
			isa = PBXVariantGroup;
			children = (
				3EACC02E1E895BDD00DAC562 /* Base */,
			);
			name = LaunchScreen.storyboard;
			sourceTree = "<group>";
		};
/* End PBXVariantGroup section */

/* Begin XCBuildConfiguration section */
		3EACC0471E895BDE00DAC562 /* Debug */ = {
			isa = XCBuildConfiguration;
			buildSettings = {
				ALWAYS_SEARCH_USER_PATHS = NO;
				CLANG_ANALYZER_NONNULL = YES;
				CLANG_CXX_LANGUAGE_STANDARD = "gnu++0x";
				CLANG_CXX_LIBRARY = "libc++";
				CLANG_ENABLE_MODULES = YES;
				CLANG_ENABLE_OBJC_ARC = YES;
				CLANG_WARN_BOOL_CONVERSION = YES;
				CLANG_WARN_CONSTANT_CONVERSION = YES;
				CLANG_WARN_DIRECT_OBJC_ISA_USAGE = YES_ERROR;
				CLANG_WARN_DOCUMENTATION_COMMENTS = YES;
				CLANG_WARN_EMPTY_BODY = YES;
				CLANG_WARN_ENUM_CONVERSION = YES;
				CLANG_WARN_INFINITE_RECURSION = YES;
				CLANG_WARN_INT_CONVERSION = YES;
				CLANG_WARN_OBJC_ROOT_CLASS = YES_ERROR;
				CLANG_WARN_SUSPICIOUS_MOVE = YES;
				CLANG_WARN_UNREACHABLE_CODE = YES;
				CLANG_WARN__DUPLICATE_METHOD_MATCH = YES;
				"CODE_SIGN_IDENTITY[sdk=iphoneos*]" = "iPhone Developer";
				COPY_PHASE_STRIP = NO;
				DEBUG_INFORMATION_FORMAT = dwarf;
				ENABLE_STRICT_OBJC_MSGSEND = YES;
				ENABLE_TESTABILITY = YES;
				GCC_C_LANGUAGE_STANDARD = gnu99;
				GCC_DYNAMIC_NO_PIC = NO;
				GCC_NO_COMMON_BLOCKS = YES;
				GCC_OPTIMIZATION_LEVEL = 0;
				GCC_PREPROCESSOR_DEFINITIONS = (
					"DEBUG=1",
					"$(inherited)",
				);
				GCC_WARN_64_TO_32_BIT_CONVERSION = YES;
				GCC_WARN_ABOUT_RETURN_TYPE = YES_ERROR;
				GCC_WARN_UNDECLARED_SELECTOR = YES;
				GCC_WARN_UNINITIALIZED_AUTOS = YES_AGGRESSIVE;
				GCC_WARN_UNUSED_FUNCTION = YES;
				GCC_WARN_UNUSED_VARIABLE = YES;
				IPHONEOS_DEPLOYMENT_TARGET = 10.2;
				MTL_ENABLE_DEBUG_INFO = YES;
				ONLY_ACTIVE_ARCH = YES;
				SDKROOT = iphoneos;
				SWIFT_ACTIVE_COMPILATION_CONDITIONS = DEBUG;
				SWIFT_OPTIMIZATION_LEVEL = "-Onone";
				TARGETED_DEVICE_FAMILY = "1,2";
			};
			name = Debug;
		};
		3EACC0481E895BDE00DAC562 /* Release */ = {
			isa = XCBuildConfiguration;
			buildSettings = {
				ALWAYS_SEARCH_USER_PATHS = NO;
				CLANG_ANALYZER_NONNULL = YES;
				CLANG_CXX_LANGUAGE_STANDARD = "gnu++0x";
				CLANG_CXX_LIBRARY = "libc++";
				CLANG_ENABLE_MODULES = YES;
				CLANG_ENABLE_OBJC_ARC = YES;
				CLANG_WARN_BOOL_CONVERSION = YES;
				CLANG_WARN_CONSTANT_CONVERSION = YES;
				CLANG_WARN_DIRECT_OBJC_ISA_USAGE = YES_ERROR;
				CLANG_WARN_DOCUMENTATION_COMMENTS = YES;
				CLANG_WARN_EMPTY_BODY = YES;
				CLANG_WARN_ENUM_CONVERSION = YES;
				CLANG_WARN_INFINITE_RECURSION = YES;
				CLANG_WARN_INT_CONVERSION = YES;
				CLANG_WARN_OBJC_ROOT_CLASS = YES_ERROR;
				CLANG_WARN_SUSPICIOUS_MOVE = YES;
				CLANG_WARN_UNREACHABLE_CODE = YES;
				CLANG_WARN__DUPLICATE_METHOD_MATCH = YES;
				"CODE_SIGN_IDENTITY[sdk=iphoneos*]" = "iPhone Developer";
				COPY_PHASE_STRIP = NO;
				DEBUG_INFORMATION_FORMAT = "dwarf-with-dsym";
				ENABLE_NS_ASSERTIONS = NO;
				ENABLE_STRICT_OBJC_MSGSEND = YES;
				GCC_C_LANGUAGE_STANDARD = gnu99;
				GCC_NO_COMMON_BLOCKS = YES;
				GCC_WARN_64_TO_32_BIT_CONVERSION = YES;
				GCC_WARN_ABOUT_RETURN_TYPE = YES_ERROR;
				GCC_WARN_UNDECLARED_SELECTOR = YES;
				GCC_WARN_UNINITIALIZED_AUTOS = YES_AGGRESSIVE;
				GCC_WARN_UNUSED_FUNCTION = YES;
				GCC_WARN_UNUSED_VARIABLE = YES;
				IPHONEOS_DEPLOYMENT_TARGET = 10.2;
				MTL_ENABLE_DEBUG_INFO = NO;
				SDKROOT = iphoneos;
				SWIFT_OPTIMIZATION_LEVEL = "-Owholemodule";
				TARGETED_DEVICE_FAMILY = "1,2";
				VALIDATE_PRODUCT = YES;
			};
			name = Release;
		};
		3EACC04A1E895BDE00DAC562 /* Debug */ = {
			isa = XCBuildConfiguration;
			buildSettings = {
				ASSETCATALOG_COMPILER_APPICON_NAME = AppIcon;
				DEVELOPMENT_TEAM = KU4WZ5AUR8;
				INFOPLIST_FILE = gameofchats/Info.plist;
				LD_RUNPATH_SEARCH_PATHS = "$(inherited) @executable_path/Frameworks";
				PRODUCT_BUNDLE_IDENTIFIER = com.lc.gameofchats;
				PRODUCT_NAME = "$(TARGET_NAME)";
				SWIFT_VERSION = 3.0;
			};
			name = Debug;
		};
		3EACC04B1E895BDE00DAC562 /* Release */ = {
			isa = XCBuildConfiguration;
			buildSettings = {
				ASSETCATALOG_COMPILER_APPICON_NAME = AppIcon;
				DEVELOPMENT_TEAM = KU4WZ5AUR8;
				INFOPLIST_FILE = gameofchats/Info.plist;
				LD_RUNPATH_SEARCH_PATHS = "$(inherited) @executable_path/Frameworks";
				PRODUCT_BUNDLE_IDENTIFIER = com.lc.gameofchats;
				PRODUCT_NAME = "$(TARGET_NAME)";
				SWIFT_VERSION = 3.0;
			};
			name = Release;
		};
		3EACC04D1E895BDE00DAC562 /* Debug */ = {
			isa = XCBuildConfiguration;
			buildSettings = {
				ALWAYS_EMBED_SWIFT_STANDARD_LIBRARIES = YES;
				BUNDLE_LOADER = "$(TEST_HOST)";
				INFOPLIST_FILE = gameofchatsTests/Info.plist;
				LD_RUNPATH_SEARCH_PATHS = "$(inherited) @executable_path/Frameworks @loader_path/Frameworks";
				PRODUCT_BUNDLE_IDENTIFIER = com.lc.gameofchatsTests;
				PRODUCT_NAME = "$(TARGET_NAME)";
				SWIFT_VERSION = 3.0;
				TEST_HOST = "$(BUILT_PRODUCTS_DIR)/gameofchats.app/gameofchats";
			};
			name = Debug;
		};
		3EACC04E1E895BDE00DAC562 /* Release */ = {
			isa = XCBuildConfiguration;
			buildSettings = {
				ALWAYS_EMBED_SWIFT_STANDARD_LIBRARIES = YES;
				BUNDLE_LOADER = "$(TEST_HOST)";
				INFOPLIST_FILE = gameofchatsTests/Info.plist;
				LD_RUNPATH_SEARCH_PATHS = "$(inherited) @executable_path/Frameworks @loader_path/Frameworks";
				PRODUCT_BUNDLE_IDENTIFIER = com.lc.gameofchatsTests;
				PRODUCT_NAME = "$(TARGET_NAME)";
				SWIFT_VERSION = 3.0;
				TEST_HOST = "$(BUILT_PRODUCTS_DIR)/gameofchats.app/gameofchats";
			};
			name = Release;
		};
		3EACC0501E895BDE00DAC562 /* Debug */ = {
			isa = XCBuildConfiguration;
			buildSettings = {
				ALWAYS_EMBED_SWIFT_STANDARD_LIBRARIES = YES;
				INFOPLIST_FILE = gameofchatsUITests/Info.plist;
				LD_RUNPATH_SEARCH_PATHS = "$(inherited) @executable_path/Frameworks @loader_path/Frameworks";
				PRODUCT_BUNDLE_IDENTIFIER = com.lc.gameofchatsUITests;
				PRODUCT_NAME = "$(TARGET_NAME)";
				SWIFT_VERSION = 3.0;
				TEST_TARGET_NAME = gameofchats;
			};
			name = Debug;
		};
		3EACC0511E895BDE00DAC562 /* Release */ = {
			isa = XCBuildConfiguration;
			buildSettings = {
				ALWAYS_EMBED_SWIFT_STANDARD_LIBRARIES = YES;
				INFOPLIST_FILE = gameofchatsUITests/Info.plist;
				LD_RUNPATH_SEARCH_PATHS = "$(inherited) @executable_path/Frameworks @loader_path/Frameworks";
				PRODUCT_BUNDLE_IDENTIFIER = com.lc.gameofchatsUITests;
				PRODUCT_NAME = "$(TARGET_NAME)";
				SWIFT_VERSION = 3.0;
				TEST_TARGET_NAME = gameofchats;
			};
			name = Release;
		};
/* End XCBuildConfiguration section */

/* Begin XCConfigurationList section */
		3EACC01C1E895BDD00DAC562 /* Build configuration list for PBXProject "gameofchats" */ = {
			isa = XCConfigurationList;
			buildConfigurations = (
				3EACC0471E895BDE00DAC562 /* Debug */,
				3EACC0481E895BDE00DAC562 /* Release */,
			);
			defaultConfigurationIsVisible = 0;
			defaultConfigurationName = Release;
		};
		3EACC0491E895BDE00DAC562 /* Build configuration list for PBXNativeTarget "gameofchats" */ = {
			isa = XCConfigurationList;
			buildConfigurations = (
				3EACC04A1E895BDE00DAC562 /* Debug */,
				3EACC04B1E895BDE00DAC562 /* Release */,
			);
			defaultConfigurationIsVisible = 0;
		};
		3EACC04C1E895BDE00DAC562 /* Build configuration list for PBXNativeTarget "gameofchatsTests" */ = {
			isa = XCConfigurationList;
			buildConfigurations = (
				3EACC04D1E895BDE00DAC562 /* Debug */,
				3EACC04E1E895BDE00DAC562 /* Release */,
			);
			defaultConfigurationIsVisible = 0;
		};
		3EACC04F1E895BDE00DAC562 /* Build configuration list for PBXNativeTarget "gameofchatsUITests" */ = {
			isa = XCConfigurationList;
			buildConfigurations = (
				3EACC0501E895BDE00DAC562 /* Debug */,
				3EACC0511E895BDE00DAC562 /* Release */,
			);
			defaultConfigurationIsVisible = 0;
		};
/* End XCConfigurationList section */
	};
	rootObject = 3EACC0191E895BDD00DAC562 /* Project object */;
}
